// !$*UTF8*$!
{
	archiveVersion = 1;
	classes = {
	};
	objectVersion = 51;
	objects = {

/* Begin PBXBuildFile section */
		2FF7DFD917661CA4606E8B96 /* Pods_ChatAppDemo.framework in Frameworks */ = {isa = PBXBuildFile; fileRef = 582635FC675F3957AC771A20 /* Pods_ChatAppDemo.framework */; };
		9DF6423123DDDC770051B2A7 /* AppDelegate.swift in Sources */ = {isa = PBXBuildFile; fileRef = 9DF6423023DDDC770051B2A7 /* AppDelegate.swift */; };
		9DF6423323DDDC770051B2A7 /* SceneDelegate.swift in Sources */ = {isa = PBXBuildFile; fileRef = 9DF6423223DDDC770051B2A7 /* SceneDelegate.swift */; };
		9DF6423523DDDC770051B2A7 /* ViewController.swift in Sources */ = {isa = PBXBuildFile; fileRef = 9DF6423423DDDC770051B2A7 /* ViewController.swift */; };
		9DF6423823DDDC770051B2A7 /* Main.storyboard in Resources */ = {isa = PBXBuildFile; fileRef = 9DF6423623DDDC770051B2A7 /* Main.storyboard */; };
		9DF6423B23DDDC780051B2A7 /* ChatAppDemo.xcdatamodeld in Sources */ = {isa = PBXBuildFile; fileRef = 9DF6423923DDDC780051B2A7 /* ChatAppDemo.xcdatamodeld */; };
		9DF6423D23DDDC7A0051B2A7 /* Assets.xcassets in Resources */ = {isa = PBXBuildFile; fileRef = 9DF6423C23DDDC7A0051B2A7 /* Assets.xcassets */; };
		9DF6424023DDDC7A0051B2A7 /* LaunchScreen.storyboard in Resources */ = {isa = PBXBuildFile; fileRef = 9DF6423E23DDDC7A0051B2A7 /* LaunchScreen.storyboard */; };
		9DF6424B23DDDC7A0051B2A7 /* ChatAppDemoTests.swift in Sources */ = {isa = PBXBuildFile; fileRef = 9DF6424A23DDDC7A0051B2A7 /* ChatAppDemoTests.swift */; };
		9DF6425623DDDC7B0051B2A7 /* ChatAppDemoUITests.swift in Sources */ = {isa = PBXBuildFile; fileRef = 9DF6425523DDDC7B0051B2A7 /* ChatAppDemoUITests.swift */; };
		9DF6426723DDE9C80051B2A7 /* SWRevealViewController.m in Sources */ = {isa = PBXBuildFile; fileRef = 9DF6426523DDE9C70051B2A7 /* SWRevealViewController.m */; };
		9DF6426C23DDECDE0051B2A7 /* GradiantView.swift in Sources */ = {isa = PBXBuildFile; fileRef = 9DF6426B23DDECDE0051B2A7 /* GradiantView.swift */; };
/* End PBXBuildFile section */

/* Begin PBXContainerItemProxy section */
		9DF6424723DDDC7A0051B2A7 /* PBXContainerItemProxy */ = {
			isa = PBXContainerItemProxy;
			containerPortal = 9DF6422523DDDC770051B2A7 /* Project object */;
			proxyType = 1;
			remoteGlobalIDString = 9DF6422C23DDDC770051B2A7;
			remoteInfo = ChatAppDemo;
		};
		9DF6425223DDDC7B0051B2A7 /* PBXContainerItemProxy */ = {
			isa = PBXContainerItemProxy;
			containerPortal = 9DF6422523DDDC770051B2A7 /* Project object */;
			proxyType = 1;
			remoteGlobalIDString = 9DF6422C23DDDC770051B2A7;
			remoteInfo = ChatAppDemo;
		};
/* End PBXContainerItemProxy section */

/* Begin PBXFileReference section */
		3FC4339AE23176ECB68F1DFE /* Pods-ChatAppDemo.debug.xcconfig */ = {isa = PBXFileReference; includeInIndex = 1; lastKnownFileType = text.xcconfig; name = "Pods-ChatAppDemo.debug.xcconfig"; path = "Target Support Files/Pods-ChatAppDemo/Pods-ChatAppDemo.debug.xcconfig"; sourceTree = "<group>"; };
		582635FC675F3957AC771A20 /* Pods_ChatAppDemo.framework */ = {isa = PBXFileReference; explicitFileType = wrapper.framework; includeInIndex = 0; path = Pods_ChatAppDemo.framework; sourceTree = BUILT_PRODUCTS_DIR; };
		9DF6422D23DDDC770051B2A7 /* ChatAppDemo.app */ = {isa = PBXFileReference; explicitFileType = wrapper.application; includeInIndex = 0; path = ChatAppDemo.app; sourceTree = BUILT_PRODUCTS_DIR; };
		9DF6423023DDDC770051B2A7 /* AppDelegate.swift */ = {isa = PBXFileReference; lastKnownFileType = sourcecode.swift; path = AppDelegate.swift; sourceTree = "<group>"; };
		9DF6423223DDDC770051B2A7 /* SceneDelegate.swift */ = {isa = PBXFileReference; lastKnownFileType = sourcecode.swift; path = SceneDelegate.swift; sourceTree = "<group>"; };
		9DF6423423DDDC770051B2A7 /* ViewController.swift */ = {isa = PBXFileReference; lastKnownFileType = sourcecode.swift; path = ViewController.swift; sourceTree = "<group>"; };
		9DF6423723DDDC770051B2A7 /* Base */ = {isa = PBXFileReference; lastKnownFileType = file.storyboard; name = Base; path = Base.lproj/Main.storyboard; sourceTree = "<group>"; };
		9DF6423A23DDDC780051B2A7 /* ChatAppDemo.xcdatamodel */ = {isa = PBXFileReference; lastKnownFileType = wrapper.xcdatamodel; path = ChatAppDemo.xcdatamodel; sourceTree = "<group>"; };
		9DF6423C23DDDC7A0051B2A7 /* Assets.xcassets */ = {isa = PBXFileReference; lastKnownFileType = folder.assetcatalog; path = Assets.xcassets; sourceTree = "<group>"; };
		9DF6423F23DDDC7A0051B2A7 /* Base */ = {isa = PBXFileReference; lastKnownFileType = file.storyboard; name = Base; path = Base.lproj/LaunchScreen.storyboard; sourceTree = "<group>"; };
		9DF6424123DDDC7A0051B2A7 /* Info.plist */ = {isa = PBXFileReference; lastKnownFileType = text.plist.xml; path = Info.plist; sourceTree = "<group>"; };
		9DF6424623DDDC7A0051B2A7 /* ChatAppDemoTests.xctest */ = {isa = PBXFileReference; explicitFileType = wrapper.cfbundle; includeInIndex = 0; path = ChatAppDemoTests.xctest; sourceTree = BUILT_PRODUCTS_DIR; };
		9DF6424A23DDDC7A0051B2A7 /* ChatAppDemoTests.swift */ = {isa = PBXFileReference; lastKnownFileType = sourcecode.swift; path = ChatAppDemoTests.swift; sourceTree = "<group>"; };
		9DF6424C23DDDC7A0051B2A7 /* Info.plist */ = {isa = PBXFileReference; lastKnownFileType = text.plist.xml; path = Info.plist; sourceTree = "<group>"; };
		9DF6425123DDDC7B0051B2A7 /* ChatAppDemoUITests.xctest */ = {isa = PBXFileReference; explicitFileType = wrapper.cfbundle; includeInIndex = 0; path = ChatAppDemoUITests.xctest; sourceTree = BUILT_PRODUCTS_DIR; };
		9DF6425523DDDC7B0051B2A7 /* ChatAppDemoUITests.swift */ = {isa = PBXFileReference; lastKnownFileType = sourcecode.swift; path = ChatAppDemoUITests.swift; sourceTree = "<group>"; };
		9DF6425723DDDC7B0051B2A7 /* Info.plist */ = {isa = PBXFileReference; lastKnownFileType = text.plist.xml; path = Info.plist; sourceTree = "<group>"; };
		9DF6426423DDE9C60051B2A7 /* ChatAppDemo-Bridging-Header.h */ = {isa = PBXFileReference; lastKnownFileType = sourcecode.c.h; path = "ChatAppDemo-Bridging-Header.h"; sourceTree = "<group>"; };
		9DF6426523DDE9C70051B2A7 /* SWRevealViewController.m */ = {isa = PBXFileReference; fileEncoding = 4; lastKnownFileType = sourcecode.c.objc; path = SWRevealViewController.m; sourceTree = "<group>"; };
		9DF6426623DDE9C70051B2A7 /* SWRevealViewController.h */ = {isa = PBXFileReference; fileEncoding = 4; lastKnownFileType = sourcecode.c.h; path = SWRevealViewController.h; sourceTree = "<group>"; };
		9DF6426B23DDECDE0051B2A7 /* GradiantView.swift */ = {isa = PBXFileReference; lastKnownFileType = sourcecode.swift; path = GradiantView.swift; sourceTree = "<group>"; };
		E361A606DA1B8014237DA698 /* Pods-ChatAppDemo.release.xcconfig */ = {isa = PBXFileReference; includeInIndex = 1; lastKnownFileType = text.xcconfig; name = "Pods-ChatAppDemo.release.xcconfig"; path = "Target Support Files/Pods-ChatAppDemo/Pods-ChatAppDemo.release.xcconfig"; sourceTree = "<group>"; };
/* End PBXFileReference section */

/* Begin PBXFrameworksBuildPhase section */
		9DF6422A23DDDC770051B2A7 /* Frameworks */ = {
			isa = PBXFrameworksBuildPhase;
			buildActionMask = 2147483647;
			files = (
				2FF7DFD917661CA4606E8B96 /* Pods_ChatAppDemo.framework in Frameworks */,
			);
			runOnlyForDeploymentPostprocessing = 0;
		};
		9DF6424323DDDC7A0051B2A7 /* Frameworks */ = {
			isa = PBXFrameworksBuildPhase;
			buildActionMask = 2147483647;
			files = (
			);
			runOnlyForDeploymentPostprocessing = 0;
		};
		9DF6424E23DDDC7B0051B2A7 /* Frameworks */ = {
			isa = PBXFrameworksBuildPhase;
			buildActionMask = 2147483647;
			files = (
			);
			runOnlyForDeploymentPostprocessing = 0;
		};
/* End PBXFrameworksBuildPhase section */

/* Begin PBXGroup section */
		5E04096BAA018B339AC587AF /* Frameworks */ = {
			isa = PBXGroup;
			children = (
				582635FC675F3957AC771A20 /* Pods_ChatAppDemo.framework */,
			);
			name = Frameworks;
			sourceTree = "<group>";
		};
		641CB149B5FA2E1A8DC342ED /* Pods */ = {
			isa = PBXGroup;
			children = (
				3FC4339AE23176ECB68F1DFE /* Pods-ChatAppDemo.debug.xcconfig */,
				E361A606DA1B8014237DA698 /* Pods-ChatAppDemo.release.xcconfig */,
			);
			path = Pods;
			sourceTree = "<group>";
		};
		9DF6422423DDDC770051B2A7 = {
			isa = PBXGroup;
			children = (
				9DF6422F23DDDC770051B2A7 /* ChatAppDemo */,
				9DF6424923DDDC7A0051B2A7 /* ChatAppDemoTests */,
				9DF6425423DDDC7B0051B2A7 /* ChatAppDemoUITests */,
				9DF6422E23DDDC770051B2A7 /* Products */,
				641CB149B5FA2E1A8DC342ED /* Pods */,
				5E04096BAA018B339AC587AF /* Frameworks */,
			);
			sourceTree = "<group>";
		};
		9DF6422E23DDDC770051B2A7 /* Products */ = {
			isa = PBXGroup;
			children = (
				9DF6422D23DDDC770051B2A7 /* ChatAppDemo.app */,
				9DF6424623DDDC7A0051B2A7 /* ChatAppDemoTests.xctest */,
				9DF6425123DDDC7B0051B2A7 /* ChatAppDemoUITests.xctest */,
			);
			name = Products;
			sourceTree = "<group>";
		};
		9DF6422F23DDDC770051B2A7 /* ChatAppDemo */ = {
			isa = PBXGroup;
			children = (
				9DF6426A23DDEBB20051B2A7 /* Model */,
				9DF6426923DDEBAA0051B2A7 /* Controller */,
				9DF6426823DDEB9F0051B2A7 /* View */,
				9DF6426323DDE9A90051B2A7 /* Supporting Files */,
				9DF6423023DDDC770051B2A7 /* AppDelegate.swift */,
				9DF6423223DDDC770051B2A7 /* SceneDelegate.swift */,
				9DF6423423DDDC770051B2A7 /* ViewController.swift */,
				9DF6423623DDDC770051B2A7 /* Main.storyboard */,
				9DF6423C23DDDC7A0051B2A7 /* Assets.xcassets */,
				9DF6423E23DDDC7A0051B2A7 /* LaunchScreen.storyboard */,
				9DF6424123DDDC7A0051B2A7 /* Info.plist */,
				9DF6423923DDDC780051B2A7 /* ChatAppDemo.xcdatamodeld */,
			);
			path = ChatAppDemo;
			sourceTree = "<group>";
		};
		9DF6424923DDDC7A0051B2A7 /* ChatAppDemoTests */ = {
			isa = PBXGroup;
			children = (
				9DF6424A23DDDC7A0051B2A7 /* ChatAppDemoTests.swift */,
				9DF6424C23DDDC7A0051B2A7 /* Info.plist */,
			);
			path = ChatAppDemoTests;
			sourceTree = "<group>";
		};
		9DF6425423DDDC7B0051B2A7 /* ChatAppDemoUITests */ = {
			isa = PBXGroup;
			children = (
				9DF6425523DDDC7B0051B2A7 /* ChatAppDemoUITests.swift */,
				9DF6425723DDDC7B0051B2A7 /* Info.plist */,
			);
			path = ChatAppDemoUITests;
			sourceTree = "<group>";
		};
		9DF6426323DDE9A90051B2A7 /* Supporting Files */ = {
			isa = PBXGroup;
			children = (
				9DF6426623DDE9C70051B2A7 /* SWRevealViewController.h */,
				9DF6426523DDE9C70051B2A7 /* SWRevealViewController.m */,
				9DF6426423DDE9C60051B2A7 /* ChatAppDemo-Bridging-Header.h */,
			);
			path = "Supporting Files";
			sourceTree = "<group>";
		};
		9DF6426823DDEB9F0051B2A7 /* View */ = {
			isa = PBXGroup;
			children = (
				9DF6426B23DDECDE0051B2A7 /* GradiantView.swift */,
			);
			path = View;
			sourceTree = "<group>";
		};
		9DF6426923DDEBAA0051B2A7 /* Controller */ = {
			isa = PBXGroup;
			children = (
			);
			path = Controller;
			sourceTree = "<group>";
		};
		9DF6426A23DDEBB20051B2A7 /* Model */ = {
			isa = PBXGroup;
			children = (
			);
			path = Model;
			sourceTree = "<group>";
		};
/* End PBXGroup section */

/* Begin PBXNativeTarget section */
		9DF6422C23DDDC770051B2A7 /* ChatAppDemo */ = {
			isa = PBXNativeTarget;
			buildConfigurationList = 9DF6425A23DDDC7B0051B2A7 /* Build configuration list for PBXNativeTarget "ChatAppDemo" */;
			buildPhases = (
				F629BAF93063F2CD424A397E /* [CP] Check Pods Manifest.lock */,
				9DF6422923DDDC770051B2A7 /* Sources */,
				9DF6422A23DDDC770051B2A7 /* Frameworks */,
				9DF6422B23DDDC770051B2A7 /* Resources */,
				89293CE4165F431662E63147 /* [CP] Embed Pods Frameworks */,
			);
			buildRules = (
			);
			dependencies = (
			);
			name = ChatAppDemo;
			productName = ChatAppDemo;
			productReference = 9DF6422D23DDDC770051B2A7 /* ChatAppDemo.app */;
			productType = "com.apple.product-type.application";
		};
		9DF6424523DDDC7A0051B2A7 /* ChatAppDemoTests */ = {
			isa = PBXNativeTarget;
			buildConfigurationList = 9DF6425D23DDDC7B0051B2A7 /* Build configuration list for PBXNativeTarget "ChatAppDemoTests" */;
			buildPhases = (
				9DF6424223DDDC7A0051B2A7 /* Sources */,
				9DF6424323DDDC7A0051B2A7 /* Frameworks */,
				9DF6424423DDDC7A0051B2A7 /* Resources */,
			);
			buildRules = (
			);
			dependencies = (
				9DF6424823DDDC7A0051B2A7 /* PBXTargetDependency */,
			);
			name = ChatAppDemoTests;
			productName = ChatAppDemoTests;
			productReference = 9DF6424623DDDC7A0051B2A7 /* ChatAppDemoTests.xctest */;
			productType = "com.apple.product-type.bundle.unit-test";
		};
		9DF6425023DDDC7B0051B2A7 /* ChatAppDemoUITests */ = {
			isa = PBXNativeTarget;
			buildConfigurationList = 9DF6426023DDDC7B0051B2A7 /* Build configuration list for PBXNativeTarget "ChatAppDemoUITests" */;
			buildPhases = (
				9DF6424D23DDDC7B0051B2A7 /* Sources */,
				9DF6424E23DDDC7B0051B2A7 /* Frameworks */,
				9DF6424F23DDDC7B0051B2A7 /* Resources */,
			);
			buildRules = (
			);
			dependencies = (
				9DF6425323DDDC7B0051B2A7 /* PBXTargetDependency */,
			);
			name = ChatAppDemoUITests;
			productName = ChatAppDemoUITests;
			productReference = 9DF6425123DDDC7B0051B2A7 /* ChatAppDemoUITests.xctest */;
			productType = "com.apple.product-type.bundle.ui-testing";
		};
/* End PBXNativeTarget section */

/* Begin PBXProject section */
		9DF6422523DDDC770051B2A7 /* Project object */ = {
			isa = PBXProject;
			attributes = {
				LastSwiftUpdateCheck = 1100;
				LastUpgradeCheck = 1100;
				ORGANIZATIONNAME = "Zanjo iOS Dev";
				TargetAttributes = {
					9DF6422C23DDDC770051B2A7 = {
						CreatedOnToolsVersion = 11.0;
						LastSwiftMigration = 1100;
					};
					9DF6424523DDDC7A0051B2A7 = {
						CreatedOnToolsVersion = 11.0;
						TestTargetID = 9DF6422C23DDDC770051B2A7;
					};
					9DF6425023DDDC7B0051B2A7 = {
						CreatedOnToolsVersion = 11.0;
						TestTargetID = 9DF6422C23DDDC770051B2A7;
					};
				};
			};
			buildConfigurationList = 9DF6422823DDDC770051B2A7 /* Build configuration list for PBXProject "ChatAppDemo" */;
			compatibilityVersion = "Xcode 9.3";
			developmentRegion = en;
			hasScannedForEncodings = 0;
			knownRegions = (
				en,
				Base,
			);
			mainGroup = 9DF6422423DDDC770051B2A7;
			productRefGroup = 9DF6422E23DDDC770051B2A7 /* Products */;
			projectDirPath = "";
			projectRoot = "";
			targets = (
				9DF6422C23DDDC770051B2A7 /* ChatAppDemo */,
				9DF6424523DDDC7A0051B2A7 /* ChatAppDemoTests */,
				9DF6425023DDDC7B0051B2A7 /* ChatAppDemoUITests */,
			);
		};
/* End PBXProject section */

/* Begin PBXResourcesBuildPhase section */
		9DF6422B23DDDC770051B2A7 /* Resources */ = {
			isa = PBXResourcesBuildPhase;
			buildActionMask = 2147483647;
			files = (
				9DF6424023DDDC7A0051B2A7 /* LaunchScreen.storyboard in Resources */,
				9DF6423D23DDDC7A0051B2A7 /* Assets.xcassets in Resources */,
				9DF6423823DDDC770051B2A7 /* Main.storyboard in Resources */,
			);
			runOnlyForDeploymentPostprocessing = 0;
		};
		9DF6424423DDDC7A0051B2A7 /* Resources */ = {
			isa = PBXResourcesBuildPhase;
			buildActionMask = 2147483647;
			files = (
			);
			runOnlyForDeploymentPostprocessing = 0;
		};
		9DF6424F23DDDC7B0051B2A7 /* Resources */ = {
			isa = PBXResourcesBuildPhase;
			buildActionMask = 2147483647;
			files = (
			);
			runOnlyForDeploymentPostprocessing = 0;
		};
/* End PBXResourcesBuildPhase section */

/* Begin PBXShellScriptBuildPhase section */
		89293CE4165F431662E63147 /* [CP] Embed Pods Frameworks */ = {
			isa = PBXShellScriptBuildPhase;
			buildActionMask = 2147483647;
			files = (
			);
			inputFileListPaths = (
				"${PODS_ROOT}/Target Support Files/Pods-ChatAppDemo/Pods-ChatAppDemo-frameworks-${CONFIGURATION}-input-files.xcfilelist",
			);
			name = "[CP] Embed Pods Frameworks";
			outputFileListPaths = (
				"${PODS_ROOT}/Target Support Files/Pods-ChatAppDemo/Pods-ChatAppDemo-frameworks-${CONFIGURATION}-output-files.xcfilelist",
			);
			runOnlyForDeploymentPostprocessing = 0;
			shellPath = /bin/sh;
			shellScript = "\"${PODS_ROOT}/Target Support Files/Pods-ChatAppDemo/Pods-ChatAppDemo-frameworks.sh\"\n";
			showEnvVarsInLog = 0;
		};
		F629BAF93063F2CD424A397E /* [CP] Check Pods Manifest.lock */ = {
			isa = PBXShellScriptBuildPhase;
			buildActionMask = 2147483647;
			files = (
			);
			inputFileListPaths = (
			);
			inputPaths = (
				"${PODS_PODFILE_DIR_PATH}/Podfile.lock",
				"${PODS_ROOT}/Manifest.lock",
			);
			name = "[CP] Check Pods Manifest.lock";
			outputFileListPaths = (
			);
			outputPaths = (
				"$(DERIVED_FILE_DIR)/Pods-ChatAppDemo-checkManifestLockResult.txt",
			);
			runOnlyForDeploymentPostprocessing = 0;
			shellPath = /bin/sh;
			shellScript = "diff \"${PODS_PODFILE_DIR_PATH}/Podfile.lock\" \"${PODS_ROOT}/Manifest.lock\" > /dev/null\nif [ $? != 0 ] ; then\n    # print error to STDERR\n    echo \"error: The sandbox is not in sync with the Podfile.lock. Run 'pod install' or update your CocoaPods installation.\" >&2\n    exit 1\nfi\n# This output is used by Xcode 'outputs' to avoid re-running this script phase.\necho \"SUCCESS\" > \"${SCRIPT_OUTPUT_FILE_0}\"\n";
			showEnvVarsInLog = 0;
		};
/* End PBXShellScriptBuildPhase section */

/* Begin PBXSourcesBuildPhase section */
		9DF6422923DDDC770051B2A7 /* Sources */ = {
			isa = PBXSourcesBuildPhase;
			buildActionMask = 2147483647;
			files = (
				9DF6423523DDDC770051B2A7 /* ViewController.swift in Sources */,
				9DF6423123DDDC770051B2A7 /* AppDelegate.swift in Sources */,
				9DF6426723DDE9C80051B2A7 /* SWRevealViewController.m in Sources */,
				9DF6423B23DDDC780051B2A7 /* ChatAppDemo.xcdatamodeld in Sources */,
				9DF6426C23DDECDE0051B2A7 /* GradiantView.swift in Sources */,
				9DF6423323DDDC770051B2A7 /* SceneDelegate.swift in Sources */,
			);
			runOnlyForDeploymentPostprocessing = 0;
		};
		9DF6424223DDDC7A0051B2A7 /* Sources */ = {
			isa = PBXSourcesBuildPhase;
			buildActionMask = 2147483647;
			files = (
				9DF6424B23DDDC7A0051B2A7 /* ChatAppDemoTests.swift in Sources */,
			);
			runOnlyForDeploymentPostprocessing = 0;
		};
		9DF6424D23DDDC7B0051B2A7 /* Sources */ = {
			isa = PBXSourcesBuildPhase;
			buildActionMask = 2147483647;
			files = (
				9DF6425623DDDC7B0051B2A7 /* ChatAppDemoUITests.swift in Sources */,
			);
			runOnlyForDeploymentPostprocessing = 0;
		};
/* End PBXSourcesBuildPhase section */

/* Begin PBXTargetDependency section */
		9DF6424823DDDC7A0051B2A7 /* PBXTargetDependency */ = {
			isa = PBXTargetDependency;
			target = 9DF6422C23DDDC770051B2A7 /* ChatAppDemo */;
			targetProxy = 9DF6424723DDDC7A0051B2A7 /* PBXContainerItemProxy */;
		};
		9DF6425323DDDC7B0051B2A7 /* PBXTargetDependency */ = {
			isa = PBXTargetDependency;
			target = 9DF6422C23DDDC770051B2A7 /* ChatAppDemo */;
			targetProxy = 9DF6425223DDDC7B0051B2A7 /* PBXContainerItemProxy */;
		};
/* End PBXTargetDependency section */

/* Begin PBXVariantGroup section */
		9DF6423623DDDC770051B2A7 /* Main.storyboard */ = {
			isa = PBXVariantGroup;
			children = (
				9DF6423723DDDC770051B2A7 /* Base */,
			);
			name = Main.storyboard;
			sourceTree = "<group>";
		};
		9DF6423E23DDDC7A0051B2A7 /* LaunchScreen.storyboard */ = {
			isa = PBXVariantGroup;
			children = (
				9DF6423F23DDDC7A0051B2A7 /* Base */,
			);
			name = LaunchScreen.storyboard;
			sourceTree = "<group>";
		};
/* End PBXVariantGroup section */

/* Begin XCBuildConfiguration section */
		9DF6425823DDDC7B0051B2A7 /* Debug */ = {
			isa = XCBuildConfiguration;
			buildSettings = {
				ALWAYS_SEARCH_USER_PATHS = NO;
				CLANG_ANALYZER_NONNULL = YES;
				CLANG_ANALYZER_NUMBER_OBJECT_CONVERSION = YES_AGGRESSIVE;
				CLANG_CXX_LANGUAGE_STANDARD = "gnu++14";
				CLANG_CXX_LIBRARY = "libc++";
				CLANG_ENABLE_MODULES = YES;
				CLANG_ENABLE_OBJC_ARC = YES;
				CLANG_ENABLE_OBJC_WEAK = YES;
				CLANG_WARN_BLOCK_CAPTURE_AUTORELEASING = YES;
				CLANG_WARN_BOOL_CONVERSION = YES;
				CLANG_WARN_COMMA = YES;
				CLANG_WARN_CONSTANT_CONVERSION = YES;
				CLANG_WARN_DEPRECATED_OBJC_IMPLEMENTATIONS = YES;
				CLANG_WARN_DIRECT_OBJC_ISA_USAGE = YES_ERROR;
				CLANG_WARN_DOCUMENTATION_COMMENTS = YES;
				CLANG_WARN_EMPTY_BODY = YES;
				CLANG_WARN_ENUM_CONVERSION = YES;
				CLANG_WARN_INFINITE_RECURSION = YES;
				CLANG_WARN_INT_CONVERSION = YES;
				CLANG_WARN_NON_LITERAL_NULL_CONVERSION = YES;
				CLANG_WARN_OBJC_IMPLICIT_RETAIN_SELF = YES;
				CLANG_WARN_OBJC_LITERAL_CONVERSION = YES;
				CLANG_WARN_OBJC_ROOT_CLASS = YES_ERROR;
				CLANG_WARN_RANGE_LOOP_ANALYSIS = YES;
				CLANG_WARN_STRICT_PROTOTYPES = YES;
				CLANG_WARN_SUSPICIOUS_MOVE = YES;
				CLANG_WARN_UNGUARDED_AVAILABILITY = YES_AGGRESSIVE;
				CLANG_WARN_UNREACHABLE_CODE = YES;
				CLANG_WARN__DUPLICATE_METHOD_MATCH = YES;
				COPY_PHASE_STRIP = NO;
				DEBUG_INFORMATION_FORMAT = dwarf;
				ENABLE_STRICT_OBJC_MSGSEND = YES;
				ENABLE_TESTABILITY = YES;
				GCC_C_LANGUAGE_STANDARD = gnu11;
				GCC_DYNAMIC_NO_PIC = NO;
				GCC_NO_COMMON_BLOCKS = YES;
				GCC_OPTIMIZATION_LEVEL = 0;
				GCC_PREPROCESSOR_DEFINITIONS = (
					"DEBUG=1",
					"$(inherited)",
				);
				GCC_WARN_64_TO_32_BIT_CONVERSION = YES;
				GCC_WARN_ABOUT_RETURN_TYPE = YES_ERROR;
				GCC_WARN_UNDECLARED_SELECTOR = YES;
				GCC_WARN_UNINITIALIZED_AUTOS = YES_AGGRESSIVE;
				GCC_WARN_UNUSED_FUNCTION = YES;
				GCC_WARN_UNUSED_VARIABLE = YES;
				IPHONEOS_DEPLOYMENT_TARGET = 13.0;
				MTL_ENABLE_DEBUG_INFO = INCLUDE_SOURCE;
				MTL_FAST_MATH = YES;
				ONLY_ACTIVE_ARCH = YES;
				SDKROOT = iphoneos;
				SWIFT_ACTIVE_COMPILATION_CONDITIONS = DEBUG;
				SWIFT_OPTIMIZATION_LEVEL = "-Onone";
			};
			name = Debug;
		};
		9DF6425923DDDC7B0051B2A7 /* Release */ = {
			isa = XCBuildConfiguration;
			buildSettings = {
				ALWAYS_SEARCH_USER_PATHS = NO;
				CLANG_ANALYZER_NONNULL = YES;
				CLANG_ANALYZER_NUMBER_OBJECT_CONVERSION = YES_AGGRESSIVE;
				CLANG_CXX_LANGUAGE_STANDARD = "gnu++14";
				CLANG_CXX_LIBRARY = "libc++";
				CLANG_ENABLE_MODULES = YES;
				CLANG_ENABLE_OBJC_ARC = YES;
				CLANG_ENABLE_OBJC_WEAK = YES;
				CLANG_WARN_BLOCK_CAPTURE_AUTORELEASING = YES;
				CLANG_WARN_BOOL_CONVERSION = YES;
				CLANG_WARN_COMMA = YES;
				CLANG_WARN_CONSTANT_CONVERSION = YES;
				CLANG_WARN_DEPRECATED_OBJC_IMPLEMENTATIONS = YES;
				CLANG_WARN_DIRECT_OBJC_ISA_USAGE = YES_ERROR;
				CLANG_WARN_DOCUMENTATION_COMMENTS = YES;
				CLANG_WARN_EMPTY_BODY = YES;
				CLANG_WARN_ENUM_CONVERSION = YES;
				CLANG_WARN_INFINITE_RECURSION = YES;
				CLANG_WARN_INT_CONVERSION = YES;
				CLANG_WARN_NON_LITERAL_NULL_CONVERSION = YES;
				CLANG_WARN_OBJC_IMPLICIT_RETAIN_SELF = YES;
				CLANG_WARN_OBJC_LITERAL_CONVERSION = YES;
				CLANG_WARN_OBJC_ROOT_CLASS = YES_ERROR;
				CLANG_WARN_RANGE_LOOP_ANALYSIS = YES;
				CLANG_WARN_STRICT_PROTOTYPES = YES;
				CLANG_WARN_SUSPICIOUS_MOVE = YES;
				CLANG_WARN_UNGUARDED_AVAILABILITY = YES_AGGRESSIVE;
				CLANG_WARN_UNREACHABLE_CODE = YES;
				CLANG_WARN__DUPLICATE_METHOD_MATCH = YES;
				COPY_PHASE_STRIP = NO;
				DEBUG_INFORMATION_FORMAT = "dwarf-with-dsym";
				ENABLE_NS_ASSERTIONS = NO;
				ENABLE_STRICT_OBJC_MSGSEND = YES;
				GCC_C_LANGUAGE_STANDARD = gnu11;
				GCC_NO_COMMON_BLOCKS = YES;
				GCC_WARN_64_TO_32_BIT_CONVERSION = YES;
				GCC_WARN_ABOUT_RETURN_TYPE = YES_ERROR;
				GCC_WARN_UNDECLARED_SELECTOR = YES;
				GCC_WARN_UNINITIALIZED_AUTOS = YES_AGGRESSIVE;
				GCC_WARN_UNUSED_FUNCTION = YES;
				GCC_WARN_UNUSED_VARIABLE = YES;
				IPHONEOS_DEPLOYMENT_TARGET = 13.0;
				MTL_ENABLE_DEBUG_INFO = NO;
				MTL_FAST_MATH = YES;
				SDKROOT = iphoneos;
				SWIFT_COMPILATION_MODE = wholemodule;
				SWIFT_OPTIMIZATION_LEVEL = "-O";
				VALIDATE_PRODUCT = YES;
			};
			name = Release;
		};
		9DF6425B23DDDC7B0051B2A7 /* Debug */ = {
			isa = XCBuildConfiguration;
			baseConfigurationReference = 3FC4339AE23176ECB68F1DFE /* Pods-ChatAppDemo.debug.xcconfig */;
			buildSettings = {
				ASSETCATALOG_COMPILER_APPICON_NAME = AppIcon;
				CLANG_ENABLE_MODULES = YES;
				CODE_SIGN_STYLE = Automatic;
				DEVELOPMENT_TEAM = CU7L3U9DMQ;
				INFOPLIST_FILE = ChatAppDemo/Info.plist;
				LD_RUNPATH_SEARCH_PATHS = (
					"$(inherited)",
					"@executable_path/Frameworks",
				);
				PRODUCT_BUNDLE_IDENTIFIER = abc.ChatAppDemo;
				PRODUCT_NAME = "$(TARGET_NAME)";
				SWIFT_OBJC_BRIDGING_HEADER = "ChatAppDemo/Supporting Files/ChatAppDemo-Bridging-Header.h";
				SWIFT_OPTIMIZATION_LEVEL = "-Onone";
				SWIFT_VERSION = 5.0;
				TARGETED_DEVICE_FAMILY = "1,2";
			};
			name = Debug;
		};
		9DF6425C23DDDC7B0051B2A7 /* Release */ = {
			isa = XCBuildConfiguration;
			baseConfigurationReference = E361A606DA1B8014237DA698 /* Pods-ChatAppDemo.release.xcconfig */;
			buildSettings = {
				ASSETCATALOG_COMPILER_APPICON_NAME = AppIcon;
				CLANG_ENABLE_MODULES = YES;
				CODE_SIGN_STYLE = Automatic;
				DEVELOPMENT_TEAM = CU7L3U9DMQ;
				INFOPLIST_FILE = ChatAppDemo/Info.plist;
				LD_RUNPATH_SEARCH_PATHS = (
					"$(inherited)",
					"@executable_path/Frameworks",
				);
				PRODUCT_BUNDLE_IDENTIFIER = abc.ChatAppDemo;
				PRODUCT_NAME = "$(TARGET_NAME)";
				SWIFT_OBJC_BRIDGING_HEADER = "ChatAppDemo/Supporting Files/ChatAppDemo-Bridging-Header.h";
				SWIFT_VERSION = 5.0;
				TARGETED_DEVICE_FAMILY = "1,2";
			};
			name = Release;
		};
		9DF6425E23DDDC7B0051B2A7 /* Debug */ = {
			isa = XCBuildConfiguration;
			buildSettings = {
				ALWAYS_EMBED_SWIFT_STANDARD_LIBRARIES = YES;
				BUNDLE_LOADER = "$(TEST_HOST)";
				CODE_SIGN_STYLE = Automatic;
				INFOPLIST_FILE = ChatAppDemoTests/Info.plist;
				IPHONEOS_DEPLOYMENT_TARGET = 13.0;
				LD_RUNPATH_SEARCH_PATHS = (
					"$(inherited)",
					"@executable_path/Frameworks",
					"@loader_path/Frameworks",
				);
				PRODUCT_BUNDLE_IDENTIFIER = abc.ChatAppDemoTests;
				PRODUCT_NAME = "$(TARGET_NAME)";
				SWIFT_VERSION = 5.0;
				TARGETED_DEVICE_FAMILY = "1,2";
				TEST_HOST = "$(BUILT_PRODUCTS_DIR)/ChatAppDemo.app/ChatAppDemo";
			};
			name = Debug;
		};
		9DF6425F23DDDC7B0051B2A7 /* Release */ = {
			isa = XCBuildConfiguration;
			buildSettings = {
				ALWAYS_EMBED_SWIFT_STANDARD_LIBRARIES = YES;
				BUNDLE_LOADER = "$(TEST_HOST)";
				CODE_SIGN_STYLE = Automatic;
				INFOPLIST_FILE = ChatAppDemoTests/Info.plist;
				IPHONEOS_DEPLOYMENT_TARGET = 13.0;
				LD_RUNPATH_SEARCH_PATHS = (
					"$(inherited)",
					"@executable_path/Frameworks",
					"@loader_path/Frameworks",
				);
				PRODUCT_BUNDLE_IDENTIFIER = abc.ChatAppDemoTests;
				PRODUCT_NAME = "$(TARGET_NAME)";
				SWIFT_VERSION = 5.0;
				TARGETED_DEVICE_FAMILY = "1,2";
				TEST_HOST = "$(BUILT_PRODUCTS_DIR)/ChatAppDemo.app/ChatAppDemo";
			};
			name = Release;
		};
		9DF6426123DDDC7B0051B2A7 /* Debug */ = {
			isa = XCBuildConfiguration;
			buildSettings = {
				ALWAYS_EMBED_SWIFT_STANDARD_LIBRARIES = YES;
				CODE_SIGN_STYLE = Automatic;
				INFOPLIST_FILE = ChatAppDemoUITests/Info.plist;
				LD_RUNPATH_SEARCH_PATHS = (
					"$(inherited)",
					"@executable_path/Frameworks",
					"@loader_path/Frameworks",
				);
				PRODUCT_BUNDLE_IDENTIFIER = abc.ChatAppDemoUITests;
				PRODUCT_NAME = "$(TARGET_NAME)";
				SWIFT_VERSION = 5.0;
				TARGETED_DEVICE_FAMILY = "1,2";
				TEST_TARGET_NAME = ChatAppDemo;
			};
			name = Debug;
		};
		9DF6426223DDDC7B0051B2A7 /* Release */ = {
			isa = XCBuildConfiguration;
			buildSettings = {
				ALWAYS_EMBED_SWIFT_STANDARD_LIBRARIES = YES;
				CODE_SIGN_STYLE = Automatic;
				INFOPLIST_FILE = ChatAppDemoUITests/Info.plist;
				LD_RUNPATH_SEARCH_PATHS = (
					"$(inherited)",
					"@executable_path/Frameworks",
					"@loader_path/Frameworks",
				);
				PRODUCT_BUNDLE_IDENTIFIER = abc.ChatAppDemoUITests;
				PRODUCT_NAME = "$(TARGET_NAME)";
				SWIFT_VERSION = 5.0;
				TARGETED_DEVICE_FAMILY = "1,2";
				TEST_TARGET_NAME = ChatAppDemo;
			};
			name = Release;
		};
/* End XCBuildConfiguration section */

/* Begin XCConfigurationList section */
		9DF6422823DDDC770051B2A7 /* Build configuration list for PBXProject "ChatAppDemo" */ = {
			isa = XCConfigurationList;
			buildConfigurations = (
				9DF6425823DDDC7B0051B2A7 /* Debug */,
				9DF6425923DDDC7B0051B2A7 /* Release */,
			);
			defaultConfigurationIsVisible = 0;
			defaultConfigurationName = Release;
		};
		9DF6425A23DDDC7B0051B2A7 /* Build configuration list for PBXNativeTarget "ChatAppDemo" */ = {
			isa = XCConfigurationList;
			buildConfigurations = (
				9DF6425B23DDDC7B0051B2A7 /* Debug */,
				9DF6425C23DDDC7B0051B2A7 /* Release */,
			);
			defaultConfigurationIsVisible = 0;
			defaultConfigurationName = Release;
		};
		9DF6425D23DDDC7B0051B2A7 /* Build configuration list for PBXNativeTarget "ChatAppDemoTests" */ = {
			isa = XCConfigurationList;
			buildConfigurations = (
				9DF6425E23DDDC7B0051B2A7 /* Debug */,
				9DF6425F23DDDC7B0051B2A7 /* Release */,
			);
			defaultConfigurationIsVisible = 0;
			defaultConfigurationName = Release;
		};
		9DF6426023DDDC7B0051B2A7 /* Build configuration list for PBXNativeTarget "ChatAppDemoUITests" */ = {
			isa = XCConfigurationList;
			buildConfigurations = (
				9DF6426123DDDC7B0051B2A7 /* Debug */,
				9DF6426223DDDC7B0051B2A7 /* Release */,
			);
			defaultConfigurationIsVisible = 0;
			defaultConfigurationName = Release;
		};
/* End XCConfigurationList section */

/* Begin XCVersionGroup section */
		9DF6423923DDDC780051B2A7 /* ChatAppDemo.xcdatamodeld */ = {
			isa = XCVersionGroup;
			children = (
				9DF6423A23DDDC780051B2A7 /* ChatAppDemo.xcdatamodel */,
			);
			currentVersion = 9DF6423A23DDDC780051B2A7 /* ChatAppDemo.xcdatamodel */;
			path = ChatAppDemo.xcdatamodeld;
			sourceTree = "<group>";
			versionGroupType = wrapper.xcdatamodel;
		};
/* End XCVersionGroup section */
	};
	rootObject = 9DF6422523DDDC770051B2A7 /* Project object */;
}
